
Microsoft Visual Studio Solution File, Format Version 12.00
# Visual Studio Version 16
VisualStudioVersion = 16.0.30523.141
MinimumVisualStudioVersion = 10.0.40219.1
Project("{FAE04EC0-301F-11D3-BF4B-00C04F79EFBC}") = "Laborator8", "Laborator8.csproj", "{690ABD76-EAC8-44B4-A90D-70AA60F5FB01}"
EndProject
Global
	GlobalSection(SolutionConfigurationPlatforms) = preSolution
		Debug|Any CPU = Debug|Any CPU
		Release|Any CPU = Release|Any CPU
	EndGlobalSection
	GlobalSection(ProjectConfigurationPlatforms) = postSolution
		{690ABD76-EAC8-44B4-A90D-70AA60F5FB01}.Debug|Any CPU.ActiveCfg = Debug|Any CPU
		{690ABD76-EAC8-44B4-A90D-70AA60F5FB01}.Debug|Any CPU.Build.0 = Debug|Any CPU
		{690ABD76-EAC8-44B4-A90D-70AA60F5FB01}.Release|Any CPU.ActiveCfg = Release|Any CPU
		{690ABD76-EAC8-44B4-A90D-70AA60F5FB01}.Release|Any CPU.Build.0 = Release|Any CPU
	EndGlobalSection
	GlobalSection(SolutionProperties) = preSolution
		HideSolutionNode = FALSE
	EndGlobalSection
	GlobalSection(ExtensibilityGlobals) = postSolution
		SolutionGuid = {B87E9FB4-AC55-4420-94A7-236E0EEB6A72}
	EndGlobalSection
EndGlobal
