
Microsoft Visual Studio Solution File, Format Version 12.00
# Visual Studio Version 16
VisualStudioVersion = 16.0.30523.141
MinimumVisualStudioVersion = 10.0.40219.1
Project("{FAE04EC0-301F-11D3-BF4B-00C04F79EFBC}") = "Laborator6", "Laborator6.csproj", "{D66F1BF5-DF3D-4257-A59A-BA993F5A1AA6}"
EndProject
Global
	GlobalSection(SolutionConfigurationPlatforms) = preSolution
		Debug|Any CPU = Debug|Any CPU
		Release|Any CPU = Release|Any CPU
	EndGlobalSection
	GlobalSection(ProjectConfigurationPlatforms) = postSolution
		{D66F1BF5-DF3D-4257-A59A-BA993F5A1AA6}.Debug|Any CPU.ActiveCfg = Debug|Any CPU
		{D66F1BF5-DF3D-4257-A59A-BA993F5A1AA6}.Debug|Any CPU.Build.0 = Debug|Any CPU
		{D66F1BF5-DF3D-4257-A59A-BA993F5A1AA6}.Release|Any CPU.ActiveCfg = Release|Any CPU
		{D66F1BF5-DF3D-4257-A59A-BA993F5A1AA6}.Release|Any CPU.Build.0 = Release|Any CPU
	EndGlobalSection
	GlobalSection(SolutionProperties) = preSolution
		HideSolutionNode = FALSE
	EndGlobalSection
	GlobalSection(ExtensibilityGlobals) = postSolution
		SolutionGuid = {ECBF9C4F-7004-4AB7-9273-8D9DEBABF2C6}
	EndGlobalSection
EndGlobal
