
Microsoft Visual Studio Solution File, Format Version 12.00
# Visual Studio Version 16
VisualStudioVersion = 16.0.30523.141
MinimumVisualStudioVersion = 10.0.40219.1
Project("{FAE04EC0-301F-11D3-BF4B-00C04F79EFBC}") = "Laborator7", "Laborator7.csproj", "{B3F7750B-E83C-44B2-8D37-6C672857C941}"
EndProject
Global
	GlobalSection(SolutionConfigurationPlatforms) = preSolution
		Debug|Any CPU = Debug|Any CPU
		Release|Any CPU = Release|Any CPU
	EndGlobalSection
	GlobalSection(ProjectConfigurationPlatforms) = postSolution
		{B3F7750B-E83C-44B2-8D37-6C672857C941}.Debug|Any CPU.ActiveCfg = Debug|Any CPU
		{B3F7750B-E83C-44B2-8D37-6C672857C941}.Debug|Any CPU.Build.0 = Debug|Any CPU
		{B3F7750B-E83C-44B2-8D37-6C672857C941}.Release|Any CPU.ActiveCfg = Release|Any CPU
		{B3F7750B-E83C-44B2-8D37-6C672857C941}.Release|Any CPU.Build.0 = Release|Any CPU
	EndGlobalSection
	GlobalSection(SolutionProperties) = preSolution
		HideSolutionNode = FALSE
	EndGlobalSection
	GlobalSection(ExtensibilityGlobals) = postSolution
		SolutionGuid = {7904F638-E62E-4199-A74E-FBA0C9D7A286}
	EndGlobalSection
EndGlobal
