
Microsoft Visual Studio Solution File, Format Version 12.00
# Visual Studio Version 16
VisualStudioVersion = 16.0.30523.141
MinimumVisualStudioVersion = 10.0.40219.1
Project("{FAE04EC0-301F-11D3-BF4B-00C04F79EFBC}") = "Laborator4", "Laborator4.csproj", "{255781B9-0254-4BB0-9F06-B1379AD232EE}"
EndProject
Global
	GlobalSection(SolutionConfigurationPlatforms) = preSolution
		Debug|Any CPU = Debug|Any CPU
		Release|Any CPU = Release|Any CPU
	EndGlobalSection
	GlobalSection(ProjectConfigurationPlatforms) = postSolution
		{255781B9-0254-4BB0-9F06-B1379AD232EE}.Debug|Any CPU.ActiveCfg = Debug|Any CPU
		{255781B9-0254-4BB0-9F06-B1379AD232EE}.Debug|Any CPU.Build.0 = Debug|Any CPU
		{255781B9-0254-4BB0-9F06-B1379AD232EE}.Release|Any CPU.ActiveCfg = Release|Any CPU
		{255781B9-0254-4BB0-9F06-B1379AD232EE}.Release|Any CPU.Build.0 = Release|Any CPU
	EndGlobalSection
	GlobalSection(SolutionProperties) = preSolution
		HideSolutionNode = FALSE
	EndGlobalSection
	GlobalSection(ExtensibilityGlobals) = postSolution
		SolutionGuid = {FA7BC154-8758-4393-B4E9-F0FF346C39CF}
	EndGlobalSection
EndGlobal
